// !$*UTF8*$!
{
	archiveVersion = 1;
	classes = {
	};
	objectVersion = 46;
	objects = {

/* Begin PBXBuildFile section */
		8CDC99DEB99A05E6411C5E26 /* libPods-PassWord.a in Frameworks */ = {isa = PBXBuildFile; fileRef = 9EEFE4E8ECF690B02F0DD60F /* libPods-PassWord.a */; };
		D00302EF1B12AFC800778C33 /* LocalAuthentication.framework in Frameworks */ = {isa = PBXBuildFile; fileRef = D00302EE1B12AFC800778C33 /* LocalAuthentication.framework */; };
		D00302F21B12AFFC00778C33 /* VerificationTouchIDVC.m in Sources */ = {isa = PBXBuildFile; fileRef = D00302F11B12AFFC00778C33 /* VerificationTouchIDVC.m */; };
		D01B72741B1834EB00C7F947 /* SecurityStrategy.m in Sources */ = {isa = PBXBuildFile; fileRef = D01B72711B1834EB00C7F947 /* SecurityStrategy.m */; };
		D01B72751B1834EB00C7F947 /* UIImage+ImageEffects.m in Sources */ = {isa = PBXBuildFile; fileRef = D01B72731B1834EB00C7F947 /* UIImage+ImageEffects.m */; };
		D04FA1BB1B4E16F600C0E2F9 /* MF_Base64Additions.m in Sources */ = {isa = PBXBuildFile; fileRef = D04FA1BA1B4E16F600C0E2F9 /* MF_Base64Additions.m */; };
		D081AF981B0F0805006F0C2F /* main.m in Sources */ = {isa = PBXBuildFile; fileRef = D081AF971B0F0805006F0C2F /* main.m */; };
		D081AF9B1B0F0805006F0C2F /* AppDelegate.m in Sources */ = {isa = PBXBuildFile; fileRef = D081AF9A1B0F0805006F0C2F /* AppDelegate.m */; };
		D081AF9E1B0F0805006F0C2F /* PassWord.xcdatamodeld in Sources */ = {isa = PBXBuildFile; fileRef = D081AF9C1B0F0805006F0C2F /* PassWord.xcdatamodeld */; };
		D081AFA11B0F0805006F0C2F /* ViewController.m in Sources */ = {isa = PBXBuildFile; fileRef = D081AFA01B0F0805006F0C2F /* ViewController.m */; };
		D081AFA41B0F0805006F0C2F /* Main.storyboard in Resources */ = {isa = PBXBuildFile; fileRef = D081AFA21B0F0805006F0C2F /* Main.storyboard */; };
		D081AFA61B0F0805006F0C2F /* Images.xcassets in Resources */ = {isa = PBXBuildFile; fileRef = D081AFA51B0F0805006F0C2F /* Images.xcassets */; };
		D081AFA91B0F0805006F0C2F /* LaunchScreen.xib in Resources */ = {isa = PBXBuildFile; fileRef = D081AFA71B0F0805006F0C2F /* LaunchScreen.xib */; };
		D081AFC11B0F0E80006F0C2F /* AddAndShowDataTVC.m in Sources */ = {isa = PBXBuildFile; fileRef = D081AFC01B0F0E80006F0C2F /* AddAndShowDataTVC.m */; };
		D081AFC51B0F11CB006F0C2F /* UserDef.m in Sources */ = {isa = PBXBuildFile; fileRef = D081AFC41B0F11CB006F0C2F /* UserDef.m */; };
		D081AFC91B0F156D006F0C2F /* PwdData.m in Sources */ = {isa = PBXBuildFile; fileRef = D081AFC81B0F156D006F0C2F /* PwdData.m */; };
		D081AFCB1B0F281B006F0C2F /* MessageUI.framework in Frameworks */ = {isa = PBXBuildFile; fileRef = D081AFCA1B0F281B006F0C2F /* MessageUI.framework */; };
		D0EE501C1B5651FA00C0D3EB /* NSString+GetPinYinFirstChar.m in Sources */ = {isa = PBXBuildFile; fileRef = D0EE501B1B5651FA00C0D3EB /* NSString+GetPinYinFirstChar.m */; };
		D0F297C71B15A9D100539BD5 /* PassWord.m in Sources */ = {isa = PBXBuildFile; fileRef = D0F297C61B15A9D100539BD5 /* PassWord.m */; };
		D0F29A9F1C154EB80086BEFE /* CoreSpotlightData.m in Sources */ = {isa = PBXBuildFile; fileRef = D0F29A9E1C154EB80086BEFE /* CoreSpotlightData.m */; };
		D0F29AA21C15533C0086BEFE /* MD5Encode.m in Sources */ = {isa = PBXBuildFile; fileRef = D0F29AA11C15533C0086BEFE /* MD5Encode.m */; };
/* End PBXBuildFile section */

/* Begin PBXFileReference section */
		569FB95851D10D82ED372F0C /* Pods-PassWord.release.xcconfig */ = {isa = PBXFileReference; includeInIndex = 1; lastKnownFileType = text.xcconfig; name = "Pods-PassWord.release.xcconfig"; path = "Pods/Target Support Files/Pods-PassWord/Pods-PassWord.release.xcconfig"; sourceTree = "<group>"; };
		9EEFE4E8ECF690B02F0DD60F /* libPods-PassWord.a */ = {isa = PBXFileReference; explicitFileType = archive.ar; includeInIndex = 0; path = "libPods-PassWord.a"; sourceTree = BUILT_PRODUCTS_DIR; };
		B0611E5A1FFDD15484C8F765 /* Pods-PassWord.debug.xcconfig */ = {isa = PBXFileReference; includeInIndex = 1; lastKnownFileType = text.xcconfig; name = "Pods-PassWord.debug.xcconfig"; path = "Pods/Target Support Files/Pods-PassWord/Pods-PassWord.debug.xcconfig"; sourceTree = "<group>"; };
		D00302EE1B12AFC800778C33 /* LocalAuthentication.framework */ = {isa = PBXFileReference; lastKnownFileType = wrapper.framework; name = LocalAuthentication.framework; path = System/Library/Frameworks/LocalAuthentication.framework; sourceTree = SDKROOT; };
		D00302F01B12AFFC00778C33 /* VerificationTouchIDVC.h */ = {isa = PBXFileReference; fileEncoding = 4; lastKnownFileType = sourcecode.c.h; path = VerificationTouchIDVC.h; sourceTree = "<group>"; };
		D00302F11B12AFFC00778C33 /* VerificationTouchIDVC.m */ = {isa = PBXFileReference; fileEncoding = 4; lastKnownFileType = sourcecode.c.objc; path = VerificationTouchIDVC.m; sourceTree = "<group>"; };
		D01B72701B1834EB00C7F947 /* SecurityStrategy.h */ = {isa = PBXFileReference; fileEncoding = 4; lastKnownFileType = sourcecode.c.h; path = SecurityStrategy.h; sourceTree = "<group>"; };
		D01B72711B1834EB00C7F947 /* SecurityStrategy.m */ = {isa = PBXFileReference; fileEncoding = 4; lastKnownFileType = sourcecode.c.objc; path = SecurityStrategy.m; sourceTree = "<group>"; };
		D01B72721B1834EB00C7F947 /* UIImage+ImageEffects.h */ = {isa = PBXFileReference; fileEncoding = 4; lastKnownFileType = sourcecode.c.h; path = "UIImage+ImageEffects.h"; sourceTree = "<group>"; };
		D01B72731B1834EB00C7F947 /* UIImage+ImageEffects.m */ = {isa = PBXFileReference; fileEncoding = 4; lastKnownFileType = sourcecode.c.objc; path = "UIImage+ImageEffects.m"; sourceTree = "<group>"; };
		D04FA1B91B4E16F600C0E2F9 /* MF_Base64Additions.h */ = {isa = PBXFileReference; fileEncoding = 4; lastKnownFileType = sourcecode.c.h; path = MF_Base64Additions.h; sourceTree = "<group>"; };
		D04FA1BA1B4E16F600C0E2F9 /* MF_Base64Additions.m */ = {isa = PBXFileReference; fileEncoding = 4; lastKnownFileType = sourcecode.c.objc; path = MF_Base64Additions.m; sourceTree = "<group>"; };
		D081AF921B0F0805006F0C2F /* PassWord.app */ = {isa = PBXFileReference; explicitFileType = wrapper.application; includeInIndex = 0; path = PassWord.app; sourceTree = BUILT_PRODUCTS_DIR; };
		D081AF961B0F0805006F0C2F /* Info.plist */ = {isa = PBXFileReference; lastKnownFileType = text.plist.xml; path = Info.plist; sourceTree = "<group>"; };
		D081AF971B0F0805006F0C2F /* main.m */ = {isa = PBXFileReference; lastKnownFileType = sourcecode.c.objc; path = main.m; sourceTree = "<group>"; };
		D081AF991B0F0805006F0C2F /* AppDelegate.h */ = {isa = PBXFileReference; lastKnownFileType = sourcecode.c.h; path = AppDelegate.h; sourceTree = "<group>"; };
		D081AF9A1B0F0805006F0C2F /* AppDelegate.m */ = {isa = PBXFileReference; lastKnownFileType = sourcecode.c.objc; path = AppDelegate.m; sourceTree = "<group>"; };
		D081AF9D1B0F0805006F0C2F /* PassWord.xcdatamodel */ = {isa = PBXFileReference; lastKnownFileType = wrapper.xcdatamodel; path = PassWord.xcdatamodel; sourceTree = "<group>"; };
		D081AF9F1B0F0805006F0C2F /* ViewController.h */ = {isa = PBXFileReference; lastKnownFileType = sourcecode.c.h; path = ViewController.h; sourceTree = "<group>"; };
		D081AFA01B0F0805006F0C2F /* ViewController.m */ = {isa = PBXFileReference; lastKnownFileType = sourcecode.c.objc; path = ViewController.m; sourceTree = "<group>"; };
		D081AFA31B0F0805006F0C2F /* Base */ = {isa = PBXFileReference; lastKnownFileType = file.storyboard; name = Base; path = Base.lproj/Main.storyboard; sourceTree = "<group>"; };
		D081AFA51B0F0805006F0C2F /* Images.xcassets */ = {isa = PBXFileReference; lastKnownFileType = folder.assetcatalog; path = Images.xcassets; sourceTree = "<group>"; };
		D081AFA81B0F0805006F0C2F /* Base */ = {isa = PBXFileReference; lastKnownFileType = file.xib; name = Base; path = Base.lproj/LaunchScreen.xib; sourceTree = "<group>"; };
		D081AFBF1B0F0E80006F0C2F /* AddAndShowDataTVC.h */ = {isa = PBXFileReference; fileEncoding = 4; lastKnownFileType = sourcecode.c.h; path = AddAndShowDataTVC.h; sourceTree = "<group>"; };
		D081AFC01B0F0E80006F0C2F /* AddAndShowDataTVC.m */ = {isa = PBXFileReference; fileEncoding = 4; lastKnownFileType = sourcecode.c.objc; path = AddAndShowDataTVC.m; sourceTree = "<group>"; };
		D081AFC31B0F11CB006F0C2F /* UserDef.h */ = {isa = PBXFileReference; fileEncoding = 4; lastKnownFileType = sourcecode.c.h; path = UserDef.h; sourceTree = "<group>"; };
		D081AFC41B0F11CB006F0C2F /* UserDef.m */ = {isa = PBXFileReference; fileEncoding = 4; lastKnownFileType = sourcecode.c.objc; path = UserDef.m; sourceTree = "<group>"; };
		D081AFC71B0F156D006F0C2F /* PwdData.h */ = {isa = PBXFileReference; fileEncoding = 4; lastKnownFileType = sourcecode.c.h; path = PwdData.h; sourceTree = "<group>"; };
		D081AFC81B0F156D006F0C2F /* PwdData.m */ = {isa = PBXFileReference; fileEncoding = 4; lastKnownFileType = sourcecode.c.objc; path = PwdData.m; sourceTree = "<group>"; };
		D081AFCA1B0F281B006F0C2F /* MessageUI.framework */ = {isa = PBXFileReference; lastKnownFileType = wrapper.framework; name = MessageUI.framework; path = System/Library/Frameworks/MessageUI.framework; sourceTree = SDKROOT; };
		D0EE501A1B5651FA00C0D3EB /* NSString+GetPinYinFirstChar.h */ = {isa = PBXFileReference; fileEncoding = 4; lastKnownFileType = sourcecode.c.h; path = "NSString+GetPinYinFirstChar.h"; sourceTree = "<group>"; };
		D0EE501B1B5651FA00C0D3EB /* NSString+GetPinYinFirstChar.m */ = {isa = PBXFileReference; fileEncoding = 4; lastKnownFileType = sourcecode.c.objc; path = "NSString+GetPinYinFirstChar.m"; sourceTree = "<group>"; };
		D0F297C51B15A9D100539BD5 /* PassWord.h */ = {isa = PBXFileReference; fileEncoding = 4; lastKnownFileType = sourcecode.c.h; path = PassWord.h; sourceTree = "<group>"; };
		D0F297C61B15A9D100539BD5 /* PassWord.m */ = {isa = PBXFileReference; fileEncoding = 4; lastKnownFileType = sourcecode.c.objc; path = PassWord.m; sourceTree = "<group>"; };
		D0F29A9D1C154EB80086BEFE /* CoreSpotlightData.h */ = {isa = PBXFileReference; fileEncoding = 4; lastKnownFileType = sourcecode.c.h; path = CoreSpotlightData.h; sourceTree = "<group>"; };
		D0F29A9E1C154EB80086BEFE /* CoreSpotlightData.m */ = {isa = PBXFileReference; fileEncoding = 4; lastKnownFileType = sourcecode.c.objc; path = CoreSpotlightData.m; sourceTree = "<group>"; };
		D0F29AA01C15533C0086BEFE /* MD5Encode.h */ = {isa = PBXFileReference; fileEncoding = 4; lastKnownFileType = sourcecode.c.h; path = MD5Encode.h; sourceTree = "<group>"; };
		D0F29AA11C15533C0086BEFE /* MD5Encode.m */ = {isa = PBXFileReference; fileEncoding = 4; lastKnownFileType = sourcecode.c.objc; path = MD5Encode.m; sourceTree = "<group>"; };
/* End PBXFileReference section */

/* Begin PBXFrameworksBuildPhase section */
		D081AF8F1B0F0805006F0C2F /* Frameworks */ = {
			isa = PBXFrameworksBuildPhase;
			buildActionMask = 2147483647;
			files = (
				D00302EF1B12AFC800778C33 /* LocalAuthentication.framework in Frameworks */,
				D081AFCB1B0F281B006F0C2F /* MessageUI.framework in Frameworks */,
				8CDC99DEB99A05E6411C5E26 /* libPods-PassWord.a in Frameworks */,
			);
			runOnlyForDeploymentPostprocessing = 0;
		};
/* End PBXFrameworksBuildPhase section */

/* Begin PBXGroup section */
		D081AF891B0F0805006F0C2F = {
			isa = PBXGroup;
			children = (
				D081AF941B0F0805006F0C2F /* PassWord */,
				D081AF931B0F0805006F0C2F /* Products */,
				D5DB4CAD9418C9A6D0C0F148 /* Pods */,
				EBC8C82F8289BAD5C08855BC /* Frameworks */,
			);
			sourceTree = "<group>";
		};
		D081AF931B0F0805006F0C2F /* Products */ = {
			isa = PBXGroup;
			children = (
				D081AF921B0F0805006F0C2F /* PassWord.app */,
			);
			name = Products;
			sourceTree = "<group>";
		};
		D081AF941B0F0805006F0C2F /* PassWord */ = {
			isa = PBXGroup;
			children = (
				D081AFC61B0F1554006F0C2F /* Data */,
				D081AFC21B0F11CB006F0C2F /* Tool */,
				D081AFBE1B0F0C4C006F0C2F /* Ctrl */,
				D081AF991B0F0805006F0C2F /* AppDelegate.h */,
				D081AF9A1B0F0805006F0C2F /* AppDelegate.m */,
				D081AF9F1B0F0805006F0C2F /* ViewController.h */,
				D081AFA01B0F0805006F0C2F /* ViewController.m */,
				D081AFA21B0F0805006F0C2F /* Main.storyboard */,
				D081AFA51B0F0805006F0C2F /* Images.xcassets */,
				D081AFA71B0F0805006F0C2F /* LaunchScreen.xib */,
				D081AF9C1B0F0805006F0C2F /* PassWord.xcdatamodeld */,
				D081AF951B0F0805006F0C2F /* Supporting Files */,
			);
			path = PassWord;
			sourceTree = "<group>";
		};
		D081AF951B0F0805006F0C2F /* Supporting Files */ = {
			isa = PBXGroup;
			children = (
				D00302EE1B12AFC800778C33 /* LocalAuthentication.framework */,
				D081AFCA1B0F281B006F0C2F /* MessageUI.framework */,
				D081AF961B0F0805006F0C2F /* Info.plist */,
				D081AF971B0F0805006F0C2F /* main.m */,
			);
			name = "Supporting Files";
			sourceTree = "<group>";
		};
		D081AFBE1B0F0C4C006F0C2F /* Ctrl */ = {
			isa = PBXGroup;
			children = (
				D081AFBF1B0F0E80006F0C2F /* AddAndShowDataTVC.h */,
				D081AFC01B0F0E80006F0C2F /* AddAndShowDataTVC.m */,
				D00302F01B12AFFC00778C33 /* VerificationTouchIDVC.h */,
				D00302F11B12AFFC00778C33 /* VerificationTouchIDVC.m */,
			);
			name = Ctrl;
			sourceTree = "<group>";
		};
		D081AFC21B0F11CB006F0C2F /* Tool */ = {
			isa = PBXGroup;
			children = (
				D0F29AA01C15533C0086BEFE /* MD5Encode.h */,
				D0F29AA11C15533C0086BEFE /* MD5Encode.m */,
				D0F29A9D1C154EB80086BEFE /* CoreSpotlightData.h */,
				D0F29A9E1C154EB80086BEFE /* CoreSpotlightData.m */,
				D04FA1B91B4E16F600C0E2F9 /* MF_Base64Additions.h */,
				D04FA1BA1B4E16F600C0E2F9 /* MF_Base64Additions.m */,
				D01B72701B1834EB00C7F947 /* SecurityStrategy.h */,
				D01B72711B1834EB00C7F947 /* SecurityStrategy.m */,
				D01B72721B1834EB00C7F947 /* UIImage+ImageEffects.h */,
				D01B72731B1834EB00C7F947 /* UIImage+ImageEffects.m */,
				D081AFC31B0F11CB006F0C2F /* UserDef.h */,
				D081AFC41B0F11CB006F0C2F /* UserDef.m */,
				D0EE501A1B5651FA00C0D3EB /* NSString+GetPinYinFirstChar.h */,
				D0EE501B1B5651FA00C0D3EB /* NSString+GetPinYinFirstChar.m */,
			);
			path = Tool;
			sourceTree = "<group>";
		};
		D081AFC61B0F1554006F0C2F /* Data */ = {
			isa = PBXGroup;
			children = (
				D081AFC71B0F156D006F0C2F /* PwdData.h */,
				D081AFC81B0F156D006F0C2F /* PwdData.m */,
				D0F297C51B15A9D100539BD5 /* PassWord.h */,
				D0F297C61B15A9D100539BD5 /* PassWord.m */,
			);
			name = Data;
			sourceTree = "<group>";
		};
		D5DB4CAD9418C9A6D0C0F148 /* Pods */ = {
			isa = PBXGroup;
			children = (
				B0611E5A1FFDD15484C8F765 /* Pods-PassWord.debug.xcconfig */,
				569FB95851D10D82ED372F0C /* Pods-PassWord.release.xcconfig */,
			);
			name = Pods;
			sourceTree = "<group>";
		};
		EBC8C82F8289BAD5C08855BC /* Frameworks */ = {
			isa = PBXGroup;
			children = (
				9EEFE4E8ECF690B02F0DD60F /* libPods-PassWord.a */,
			);
			name = Frameworks;
			sourceTree = "<group>";
		};
/* End PBXGroup section */

/* Begin PBXNativeTarget section */
		D081AF911B0F0805006F0C2F /* PassWord */ = {
			isa = PBXNativeTarget;
			buildConfigurationList = D081AFB81B0F0805006F0C2F /* Build configuration list for PBXNativeTarget "PassWord" */;
			buildPhases = (
				79F7287F884483E47CB53120 /* Check Pods Manifest.lock */,
				D081AF8E1B0F0805006F0C2F /* Sources */,
				D081AF8F1B0F0805006F0C2F /* Frameworks */,
				D081AF901B0F0805006F0C2F /* Resources */,
				D0A776F538A1B723A20BA03A /* Copy Pods Resources */,
			);
			buildRules = (
			);
			dependencies = (
			);
			name = PassWord;
			productName = PassWord;
			productReference = D081AF921B0F0805006F0C2F /* PassWord.app */;
			productType = "com.apple.product-type.application";
		};
/* End PBXNativeTarget section */

/* Begin PBXProject section */
		D081AF8A1B0F0805006F0C2F /* Project object */ = {
			isa = PBXProject;
			attributes = {
				LastUpgradeCheck = 0710;
				ORGANIZATIONNAME = "谭伟";
				TargetAttributes = {
					D081AF911B0F0805006F0C2F = {
						CreatedOnToolsVersion = 6.3.1;
						DevelopmentTeam = EF8Y32ZK92;
					};
				};
			};
			buildConfigurationList = D081AF8D1B0F0805006F0C2F /* Build configuration list for PBXProject "PassWord" */;
			compatibilityVersion = "Xcode 3.2";
			developmentRegion = English;
			hasScannedForEncodings = 0;
			knownRegions = (
				Base,
			);
			mainGroup = D081AF891B0F0805006F0C2F;
			productRefGroup = D081AF931B0F0805006F0C2F /* Products */;
			projectDirPath = "";
			projectRoot = "";
			targets = (
				D081AF911B0F0805006F0C2F /* PassWord */,
			);
		};
/* End PBXProject section */

/* Begin PBXResourcesBuildPhase section */
		D081AF901B0F0805006F0C2F /* Resources */ = {
			isa = PBXResourcesBuildPhase;
			buildActionMask = 2147483647;
			files = (
				D081AFA41B0F0805006F0C2F /* Main.storyboard in Resources */,
				D081AFA91B0F0805006F0C2F /* LaunchScreen.xib in Resources */,
				D081AFA61B0F0805006F0C2F /* Images.xcassets in Resources */,
			);
			runOnlyForDeploymentPostprocessing = 0;
		};
/* End PBXResourcesBuildPhase section */

/* Begin PBXShellScriptBuildPhase section */
		79F7287F884483E47CB53120 /* Check Pods Manifest.lock */ = {
			isa = PBXShellScriptBuildPhase;
			buildActionMask = 2147483647;
			files = (
			);
			inputPaths = (
			);
			name = "Check Pods Manifest.lock";
			outputPaths = (
			);
			runOnlyForDeploymentPostprocessing = 0;
			shellPath = /bin/sh;
			shellScript = "diff \"${PODS_ROOT}/../Podfile.lock\" \"${PODS_ROOT}/Manifest.lock\" > /dev/null\nif [[ $? != 0 ]] ; then\n    cat << EOM\nerror: The sandbox is not in sync with the Podfile.lock. Run 'pod install' or update your CocoaPods installation.\nEOM\n    exit 1\nfi\n";
			showEnvVarsInLog = 0;
		};
		D0A776F538A1B723A20BA03A /* Copy Pods Resources */ = {
			isa = PBXShellScriptBuildPhase;
			buildActionMask = 2147483647;
			files = (
			);
			inputPaths = (
			);
			name = "Copy Pods Resources";
			outputPaths = (
			);
			runOnlyForDeploymentPostprocessing = 0;
			shellPath = /bin/sh;
			shellScript = "\"${SRCROOT}/Pods/Target Support Files/Pods-PassWord/Pods-PassWord-resources.sh\"\n";
			showEnvVarsInLog = 0;
		};
/* End PBXShellScriptBuildPhase section */

/* Begin PBXSourcesBuildPhase section */
		D081AF8E1B0F0805006F0C2F /* Sources */ = {
			isa = PBXSourcesBuildPhase;
			buildActionMask = 2147483647;
			files = (
				D0F29AA21C15533C0086BEFE /* MD5Encode.m in Sources */,
				D081AF9E1B0F0805006F0C2F /* PassWord.xcdatamodeld in Sources */,
				D081AFC91B0F156D006F0C2F /* PwdData.m in Sources */,
				D081AF9B1B0F0805006F0C2F /* AppDelegate.m in Sources */,
				D081AFA11B0F0805006F0C2F /* ViewController.m in Sources */,
				D04FA1BB1B4E16F600C0E2F9 /* MF_Base64Additions.m in Sources */,
				D081AF981B0F0805006F0C2F /* main.m in Sources */,
				D081AFC51B0F11CB006F0C2F /* UserDef.m in Sources */,
				D0F29A9F1C154EB80086BEFE /* CoreSpotlightData.m in Sources */,
				D01B72741B1834EB00C7F947 /* SecurityStrategy.m in Sources */,
				D0EE501C1B5651FA00C0D3EB /* NSString+GetPinYinFirstChar.m in Sources */,
				D01B72751B1834EB00C7F947 /* UIImage+ImageEffects.m in Sources */,
				D00302F21B12AFFC00778C33 /* VerificationTouchIDVC.m in Sources */,
				D0F297C71B15A9D100539BD5 /* PassWord.m in Sources */,
				D081AFC11B0F0E80006F0C2F /* AddAndShowDataTVC.m in Sources */,
			);
			runOnlyForDeploymentPostprocessing = 0;
		};
/* End PBXSourcesBuildPhase section */

/* Begin PBXVariantGroup section */
		D081AFA21B0F0805006F0C2F /* Main.storyboard */ = {
			isa = PBXVariantGroup;
			children = (
				D081AFA31B0F0805006F0C2F /* Base */,
			);
			name = Main.storyboard;
			sourceTree = "<group>";
		};
		D081AFA71B0F0805006F0C2F /* LaunchScreen.xib */ = {
			isa = PBXVariantGroup;
			children = (
				D081AFA81B0F0805006F0C2F /* Base */,
			);
			name = LaunchScreen.xib;
			sourceTree = "<group>";
		};
/* End PBXVariantGroup section */

/* Begin XCBuildConfiguration section */
		D081AFB61B0F0805006F0C2F /* Debug */ = {
			isa = XCBuildConfiguration;
			buildSettings = {
				ALWAYS_SEARCH_USER_PATHS = NO;
				CLANG_CXX_LANGUAGE_STANDARD = "gnu++0x";
				CLANG_CXX_LIBRARY = "libc++";
				CLANG_ENABLE_MODULES = YES;
				CLANG_ENABLE_OBJC_ARC = YES;
				CLANG_WARN_BOOL_CONVERSION = YES;
				CLANG_WARN_CONSTANT_CONVERSION = YES;
				CLANG_WARN_DIRECT_OBJC_ISA_USAGE = YES_ERROR;
				CLANG_WARN_EMPTY_BODY = YES;
				CLANG_WARN_ENUM_CONVERSION = YES;
				CLANG_WARN_INT_CONVERSION = YES;
				CLANG_WARN_OBJC_ROOT_CLASS = YES_ERROR;
				CLANG_WARN_UNREACHABLE_CODE = YES;
				CLANG_WARN__DUPLICATE_METHOD_MATCH = YES;
				"CODE_SIGN_IDENTITY[sdk=iphoneos*]" = "iPhone Developer";
				COPY_PHASE_STRIP = NO;
				DEBUG_INFORMATION_FORMAT = "dwarf-with-dsym";
				ENABLE_STRICT_OBJC_MSGSEND = YES;
				ENABLE_TESTABILITY = YES;
				GCC_C_LANGUAGE_STANDARD = gnu99;
				GCC_DYNAMIC_NO_PIC = NO;
				GCC_NO_COMMON_BLOCKS = YES;
				GCC_OPTIMIZATION_LEVEL = 0;
				GCC_PREPROCESSOR_DEFINITIONS = (
					"DEBUG=1",
					"$(inherited)",
				);
				GCC_SYMBOLS_PRIVATE_EXTERN = NO;
				GCC_WARN_64_TO_32_BIT_CONVERSION = YES;
				GCC_WARN_ABOUT_RETURN_TYPE = YES_ERROR;
				GCC_WARN_UNDECLARED_SELECTOR = YES;
				GCC_WARN_UNINITIALIZED_AUTOS = YES_AGGRESSIVE;
				GCC_WARN_UNUSED_FUNCTION = YES;
				GCC_WARN_UNUSED_VARIABLE = YES;
				IPHONEOS_DEPLOYMENT_TARGET = 8.3;
				MTL_ENABLE_DEBUG_INFO = YES;
				ONLY_ACTIVE_ARCH = YES;
				SDKROOT = iphoneos;
			};
			name = Debug;
		};
		D081AFB71B0F0805006F0C2F /* Release */ = {
			isa = XCBuildConfiguration;
			buildSettings = {
				ALWAYS_SEARCH_USER_PATHS = NO;
				CLANG_CXX_LANGUAGE_STANDARD = "gnu++0x";
				CLANG_CXX_LIBRARY = "libc++";
				CLANG_ENABLE_MODULES = YES;
				CLANG_ENABLE_OBJC_ARC = YES;
				CLANG_WARN_BOOL_CONVERSION = YES;
				CLANG_WARN_CONSTANT_CONVERSION = YES;
				CLANG_WARN_DIRECT_OBJC_ISA_USAGE = YES_ERROR;
				CLANG_WARN_EMPTY_BODY = YES;
				CLANG_WARN_ENUM_CONVERSION = YES;
				CLANG_WARN_INT_CONVERSION = YES;
				CLANG_WARN_OBJC_ROOT_CLASS = YES_ERROR;
				CLANG_WARN_UNREACHABLE_CODE = YES;
				CLANG_WARN__DUPLICATE_METHOD_MATCH = YES;
				"CODE_SIGN_IDENTITY[sdk=iphoneos*]" = "iPhone Developer";
				COPY_PHASE_STRIP = NO;
				DEBUG_INFORMATION_FORMAT = "dwarf-with-dsym";
				ENABLE_NS_ASSERTIONS = NO;
				ENABLE_STRICT_OBJC_MSGSEND = YES;
				GCC_C_LANGUAGE_STANDARD = gnu99;
				GCC_NO_COMMON_BLOCKS = YES;
				GCC_WARN_64_TO_32_BIT_CONVERSION = YES;
				GCC_WARN_ABOUT_RETURN_TYPE = YES_ERROR;
				GCC_WARN_UNDECLARED_SELECTOR = YES;
				GCC_WARN_UNINITIALIZED_AUTOS = YES_AGGRESSIVE;
				GCC_WARN_UNUSED_FUNCTION = YES;
				GCC_WARN_UNUSED_VARIABLE = YES;
				IPHONEOS_DEPLOYMENT_TARGET = 8.3;
				MTL_ENABLE_DEBUG_INFO = NO;
				SDKROOT = iphoneos;
				VALIDATE_PRODUCT = YES;
			};
			name = Release;
		};
		D081AFB91B0F0805006F0C2F /* Debug */ = {
			isa = XCBuildConfiguration;
			baseConfigurationReference = B0611E5A1FFDD15484C8F765 /* Pods-PassWord.debug.xcconfig */;
			buildSettings = {
				ASSETCATALOG_COMPILER_APPICON_NAME = AppIcon;
				CODE_SIGN_IDENTITY = "iPhone Developer";
				INFOPLIST_FILE = PassWord/Info.plist;
				IPHONEOS_DEPLOYMENT_TARGET = 8.0;
				LD_RUNPATH_SEARCH_PATHS = "$(inherited) @executable_path/Frameworks";
				PRODUCT_BUNDLE_IDENTIFIER = "com.yeeuu.$(PRODUCT_NAME:rfc1034identifier)";
				PRODUCT_NAME = "$(TARGET_NAME)";
			};
			name = Debug;
		};
		D081AFBA1B0F0805006F0C2F /* Release */ = {
			isa = XCBuildConfiguration;
			baseConfigurationReference = 569FB95851D10D82ED372F0C /* Pods-PassWord.release.xcconfig */;
			buildSettings = {
				ASSETCATALOG_COMPILER_APPICON_NAME = AppIcon;
				CODE_SIGN_IDENTITY = "iPhone Developer";
				INFOPLIST_FILE = PassWord/Info.plist;
				IPHONEOS_DEPLOYMENT_TARGET = 8.0;
				LD_RUNPATH_SEARCH_PATHS = "$(inherited) @executable_path/Frameworks";
				PRODUCT_BUNDLE_IDENTIFIER = "com.yeeuu.$(PRODUCT_NAME:rfc1034identifier)";
				PRODUCT_NAME = "$(TARGET_NAME)";
			};
			name = Release;
		};
/* End XCBuildConfiguration section */

/* Begin XCConfigurationList section */
		D081AF8D1B0F0805006F0C2F /* Build configuration list for PBXProject "PassWord" */ = {
			isa = XCConfigurationList;
			buildConfigurations = (
				D081AFB61B0F0805006F0C2F /* Debug */,
				D081AFB71B0F0805006F0C2F /* Release */,
			);
			defaultConfigurationIsVisible = 0;
			defaultConfigurationName = Release;
		};
		D081AFB81B0F0805006F0C2F /* Build configuration list for PBXNativeTarget "PassWord" */ = {
			isa = XCConfigurationList;
			buildConfigurations = (
				D081AFB91B0F0805006F0C2F /* Debug */,
				D081AFBA1B0F0805006F0C2F /* Release */,
			);
			defaultConfigurationIsVisible = 0;
			defaultConfigurationName = Release;
		};
/* End XCConfigurationList section */

/* Begin XCVersionGroup section */
		D081AF9C1B0F0805006F0C2F /* PassWord.xcdatamodeld */ = {
			isa = XCVersionGroup;
			children = (
				D081AF9D1B0F0805006F0C2F /* PassWord.xcdatamodel */,
			);
			currentVersion = D081AF9D1B0F0805006F0C2F /* PassWord.xcdatamodel */;
			path = PassWord.xcdatamodeld;
			sourceTree = "<group>";
			versionGroupType = wrapper.xcdatamodel;
		};
/* End XCVersionGroup section */
	};
	rootObject = D081AF8A1B0F0805006F0C2F /* Project object */;
}
